
Microsoft Visual Studio Solution File, Format Version 12.00
# Visual Studio 15
VisualStudioVersion = 15.0.26430.15
MinimumVisualStudioVersion = 10.0.40219.1
Project("{D954291E-2A0B-460D-934E-DC6B0785DB48}") = "DevDays", "DevDays\DevDays\DevDays.shproj", "{D56430A7-F811-4A8A-A6CC-7928CFE651C4}"
EndProject
Project("{FAE04EC0-301F-11D3-BF4B-00C04F79EFBC}") = "DevDays.Android", "DevDays\DevDays.Android\DevDays.Android.csproj", "{8BCDA696-9AB7-4601-94B1-107AA6715B1B}"
EndProject
Project("{FAE04EC0-301F-11D3-BF4B-00C04F79EFBC}") = "DevDays.iOS", "DevDays\DevDays.iOS\DevDays.iOS.csproj", "{A9EE2F6E-4369-4F13-988B-F0960FB7BA70}"
EndProject
Project("{FAE04EC0-301F-11D3-BF4B-00C04F79EFBC}") = "DevDays.UWP", "DevDays\DevDays.UWP\DevDays.UWP.csproj", "{945F0815-A8D2-475C-B026-53E2DB2594FE}"
EndProject
Global
	GlobalSection(SharedMSBuildProjectFiles) = preSolution
		DevDays\DevDays\DevDays.projitems*{8bcda696-9ab7-4601-94b1-107aa6715b1b}*SharedItemsImports = 4
		DevDays\DevDays\DevDays.projitems*{a9ee2f6e-4369-4f13-988b-f0960fb7ba70}*SharedItemsImports = 4
		DevDays\DevDays\DevDays.projitems*{d56430a7-f811-4a8a-a6cc-7928cfe651c4}*SharedItemsImports = 13
	EndGlobalSection
	GlobalSection(SolutionConfigurationPlatforms) = preSolution
		Ad-Hoc|Any CPU = Ad-Hoc|Any CPU
		Ad-Hoc|ARM = Ad-Hoc|ARM
		Ad-Hoc|iPhone = Ad-Hoc|iPhone
		Ad-Hoc|iPhoneSimulator = Ad-Hoc|iPhoneSimulator
		Ad-Hoc|x64 = Ad-Hoc|x64
		Ad-Hoc|x86 = Ad-Hoc|x86
		AppStore|Any CPU = AppStore|Any CPU
		AppStore|ARM = AppStore|ARM
		AppStore|iPhone = AppStore|iPhone
		AppStore|iPhoneSimulator = AppStore|iPhoneSimulator
		AppStore|x64 = AppStore|x64
		AppStore|x86 = AppStore|x86
		Debug|Any CPU = Debug|Any CPU
		Debug|ARM = Debug|ARM
		Debug|iPhone = Debug|iPhone
		Debug|iPhoneSimulator = Debug|iPhoneSimulator
		Debug|x64 = Debug|x64
		Debug|x86 = Debug|x86
		Release|Any CPU = Release|Any CPU
		Release|ARM = Release|ARM
		Release|iPhone = Release|iPhone
		Release|iPhoneSimulator = Release|iPhoneSimulator
		Release|x64 = Release|x64
		Release|x86 = Release|x86
	EndGlobalSection
	GlobalSection(ProjectConfigurationPlatforms) = postSolution
		{8BCDA696-9AB7-4601-94B1-107AA6715B1B}.Ad-Hoc|Any CPU.ActiveCfg = Release|Any CPU
		{8BCDA696-9AB7-4601-94B1-107AA6715B1B}.Ad-Hoc|Any CPU.Build.0 = Release|Any CPU
		{8BCDA696-9AB7-4601-94B1-107AA6715B1B}.Ad-Hoc|Any CPU.Deploy.0 = Release|Any CPU
		{8BCDA696-9AB7-4601-94B1-107AA6715B1B}.Ad-Hoc|ARM.ActiveCfg = Release|Any CPU
		{8BCDA696-9AB7-4601-94B1-107AA6715B1B}.Ad-Hoc|ARM.Build.0 = Release|Any CPU
		{8BCDA696-9AB7-4601-94B1-107AA6715B1B}.Ad-Hoc|ARM.Deploy.0 = Release|Any CPU
		{8BCDA696-9AB7-4601-94B1-107AA6715B1B}.Ad-Hoc|iPhone.ActiveCfg = Release|Any CPU
		{8BCDA696-9AB7-4601-94B1-107AA6715B1B}.Ad-Hoc|iPhone.Build.0 = Release|Any CPU
		{8BCDA696-9AB7-4601-94B1-107AA6715B1B}.Ad-Hoc|iPhone.Deploy.0 = Release|Any CPU
		{8BCDA696-9AB7-4601-94B1-107AA6715B1B}.Ad-Hoc|iPhoneSimulator.ActiveCfg = Release|Any CPU
		{8BCDA696-9AB7-4601-94B1-107AA6715B1B}.Ad-Hoc|iPhoneSimulator.Build.0 = Release|Any CPU
		{8BCDA696-9AB7-4601-94B1-107AA6715B1B}.Ad-Hoc|iPhoneSimulator.Deploy.0 = Release|Any CPU
		{8BCDA696-9AB7-4601-94B1-107AA6715B1B}.Ad-Hoc|x64.ActiveCfg = Release|Any CPU
		{8BCDA696-9AB7-4601-94B1-107AA6715B1B}.Ad-Hoc|x64.Build.0 = Release|Any CPU
		{8BCDA696-9AB7-4601-94B1-107AA6715B1B}.Ad-Hoc|x64.Deploy.0 = Release|Any CPU
		{8BCDA696-9AB7-4601-94B1-107AA6715B1B}.Ad-Hoc|x86.ActiveCfg = Release|Any CPU
		{8BCDA696-9AB7-4601-94B1-107AA6715B1B}.Ad-Hoc|x86.Build.0 = Release|Any CPU
		{8BCDA696-9AB7-4601-94B1-107AA6715B1B}.Ad-Hoc|x86.Deploy.0 = Release|Any CPU
		{8BCDA696-9AB7-4601-94B1-107AA6715B1B}.AppStore|Any CPU.ActiveCfg = Release|Any CPU
		{8BCDA696-9AB7-4601-94B1-107AA6715B1B}.AppStore|Any CPU.Build.0 = Release|Any CPU
		{8BCDA696-9AB7-4601-94B1-107AA6715B1B}.AppStore|Any CPU.Deploy.0 = Release|Any CPU
		{8BCDA696-9AB7-4601-94B1-107AA6715B1B}.AppStore|ARM.ActiveCfg = Release|Any CPU
		{8BCDA696-9AB7-4601-94B1-107AA6715B1B}.AppStore|ARM.Build.0 = Release|Any CPU
		{8BCDA696-9AB7-4601-94B1-107AA6715B1B}.AppStore|ARM.Deploy.0 = Release|Any CPU
		{8BCDA696-9AB7-4601-94B1-107AA6715B1B}.AppStore|iPhone.ActiveCfg = Release|Any CPU
		{8BCDA696-9AB7-4601-94B1-107AA6715B1B}.AppStore|iPhone.Build.0 = Release|Any CPU
		{8BCDA696-9AB7-4601-94B1-107AA6715B1B}.AppStore|iPhone.Deploy.0 = Release|Any CPU
		{8BCDA696-9AB7-4601-94B1-107AA6715B1B}.AppStore|iPhoneSimulator.ActiveCfg = Release|Any CPU
		{8BCDA696-9AB7-4601-94B1-107AA6715B1B}.AppStore|iPhoneSimulator.Build.0 = Release|Any CPU
		{8BCDA696-9AB7-4601-94B1-107AA6715B1B}.AppStore|iPhoneSimulator.Deploy.0 = Release|Any CPU
		{8BCDA696-9AB7-4601-94B1-107AA6715B1B}.AppStore|x64.ActiveCfg = Release|Any CPU
		{8BCDA696-9AB7-4601-94B1-107AA6715B1B}.AppStore|x64.Build.0 = Release|Any CPU
		{8BCDA696-9AB7-4601-94B1-107AA6715B1B}.AppStore|x64.Deploy.0 = Release|Any CPU
		{8BCDA696-9AB7-4601-94B1-107AA6715B1B}.AppStore|x86.ActiveCfg = Release|Any CPU
		{8BCDA696-9AB7-4601-94B1-107AA6715B1B}.AppStore|x86.Build.0 = Release|Any CPU
		{8BCDA696-9AB7-4601-94B1-107AA6715B1B}.AppStore|x86.Deploy.0 = Release|Any CPU
		{8BCDA696-9AB7-4601-94B1-107AA6715B1B}.Debug|Any CPU.ActiveCfg = Debug|Any CPU
		{8BCDA696-9AB7-4601-94B1-107AA6715B1B}.Debug|Any CPU.Build.0 = Debug|Any CPU
		{8BCDA696-9AB7-4601-94B1-107AA6715B1B}.Debug|Any CPU.Deploy.0 = Debug|Any CPU
		{8BCDA696-9AB7-4601-94B1-107AA6715B1B}.Debug|ARM.ActiveCfg = Debug|Any CPU
		{8BCDA696-9AB7-4601-94B1-107AA6715B1B}.Debug|ARM.Build.0 = Debug|Any CPU
		{8BCDA696-9AB7-4601-94B1-107AA6715B1B}.Debug|ARM.Deploy.0 = Debug|Any CPU
		{8BCDA696-9AB7-4601-94B1-107AA6715B1B}.Debug|iPhone.ActiveCfg = Debug|Any CPU
		{8BCDA696-9AB7-4601-94B1-107AA6715B1B}.Debug|iPhone.Build.0 = Debug|Any CPU
		{8BCDA696-9AB7-4601-94B1-107AA6715B1B}.Debug|iPhone.Deploy.0 = Debug|Any CPU
		{8BCDA696-9AB7-4601-94B1-107AA6715B1B}.Debug|iPhoneSimulator.ActiveCfg = Debug|Any CPU
		{8BCDA696-9AB7-4601-94B1-107AA6715B1B}.Debug|iPhoneSimulator.Build.0 = Debug|Any CPU
		{8BCDA696-9AB7-4601-94B1-107AA6715B1B}.Debug|iPhoneSimulator.Deploy.0 = Debug|Any CPU
		{8BCDA696-9AB7-4601-94B1-107AA6715B1B}.Debug|x64.ActiveCfg = Debug|Any CPU
		{8BCDA696-9AB7-4601-94B1-107AA6715B1B}.Debug|x64.Build.0 = Debug|Any CPU
		{8BCDA696-9AB7-4601-94B1-107AA6715B1B}.Debug|x64.Deploy.0 = Debug|Any CPU
		{8BCDA696-9AB7-4601-94B1-107AA6715B1B}.Debug|x86.ActiveCfg = Debug|Any CPU
		{8BCDA696-9AB7-4601-94B1-107AA6715B1B}.Debug|x86.Build.0 = Debug|Any CPU
		{8BCDA696-9AB7-4601-94B1-107AA6715B1B}.Debug|x86.Deploy.0 = Debug|Any CPU
		{8BCDA696-9AB7-4601-94B1-107AA6715B1B}.Release|Any CPU.ActiveCfg = Release|Any CPU
		{8BCDA696-9AB7-4601-94B1-107AA6715B1B}.Release|Any CPU.Build.0 = Release|Any CPU
		{8BCDA696-9AB7-4601-94B1-107AA6715B1B}.Release|Any CPU.Deploy.0 = Release|Any CPU
		{8BCDA696-9AB7-4601-94B1-107AA6715B1B}.Release|ARM.ActiveCfg = Release|Any CPU
		{8BCDA696-9AB7-4601-94B1-107AA6715B1B}.Release|ARM.Build.0 = Release|Any CPU
		{8BCDA696-9AB7-4601-94B1-107AA6715B1B}.Release|ARM.Deploy.0 = Release|Any CPU
		{8BCDA696-9AB7-4601-94B1-107AA6715B1B}.Release|iPhone.ActiveCfg = Release|Any CPU
		{8BCDA696-9AB7-4601-94B1-107AA6715B1B}.Release|iPhone.Build.0 = Release|Any CPU
		{8BCDA696-9AB7-4601-94B1-107AA6715B1B}.Release|iPhone.Deploy.0 = Release|Any CPU
		{8BCDA696-9AB7-4601-94B1-107AA6715B1B}.Release|iPhoneSimulator.ActiveCfg = Release|Any CPU
		{8BCDA696-9AB7-4601-94B1-107AA6715B1B}.Release|iPhoneSimulator.Build.0 = Release|Any CPU
		{8BCDA696-9AB7-4601-94B1-107AA6715B1B}.Release|iPhoneSimulator.Deploy.0 = Release|Any CPU
		{8BCDA696-9AB7-4601-94B1-107AA6715B1B}.Release|x64.ActiveCfg = Release|Any CPU
		{8BCDA696-9AB7-4601-94B1-107AA6715B1B}.Release|x64.Build.0 = Release|Any CPU
		{8BCDA696-9AB7-4601-94B1-107AA6715B1B}.Release|x64.Deploy.0 = Release|Any CPU
		{8BCDA696-9AB7-4601-94B1-107AA6715B1B}.Release|x86.ActiveCfg = Release|Any CPU
		{8BCDA696-9AB7-4601-94B1-107AA6715B1B}.Release|x86.Build.0 = Release|Any CPU
		{8BCDA696-9AB7-4601-94B1-107AA6715B1B}.Release|x86.Deploy.0 = Release|Any CPU
		{A9EE2F6E-4369-4F13-988B-F0960FB7BA70}.Ad-Hoc|Any CPU.ActiveCfg = Ad-Hoc|iPhone
		{A9EE2F6E-4369-4F13-988B-F0960FB7BA70}.Ad-Hoc|ARM.ActiveCfg = Ad-Hoc|iPhone
		{A9EE2F6E-4369-4F13-988B-F0960FB7BA70}.Ad-Hoc|iPhone.ActiveCfg = Ad-Hoc|iPhone
		{A9EE2F6E-4369-4F13-988B-F0960FB7BA70}.Ad-Hoc|iPhone.Build.0 = Ad-Hoc|iPhone
		{A9EE2F6E-4369-4F13-988B-F0960FB7BA70}.Ad-Hoc|iPhoneSimulator.ActiveCfg = Ad-Hoc|iPhoneSimulator
		{A9EE2F6E-4369-4F13-988B-F0960FB7BA70}.Ad-Hoc|iPhoneSimulator.Build.0 = Ad-Hoc|iPhoneSimulator
		{A9EE2F6E-4369-4F13-988B-F0960FB7BA70}.Ad-Hoc|x64.ActiveCfg = Ad-Hoc|iPhone
		{A9EE2F6E-4369-4F13-988B-F0960FB7BA70}.Ad-Hoc|x86.ActiveCfg = Ad-Hoc|iPhone
		{A9EE2F6E-4369-4F13-988B-F0960FB7BA70}.AppStore|Any CPU.ActiveCfg = AppStore|iPhone
		{A9EE2F6E-4369-4F13-988B-F0960FB7BA70}.AppStore|ARM.ActiveCfg = AppStore|iPhone
		{A9EE2F6E-4369-4F13-988B-F0960FB7BA70}.AppStore|iPhone.ActiveCfg = AppStore|iPhone
		{A9EE2F6E-4369-4F13-988B-F0960FB7BA70}.AppStore|iPhone.Build.0 = AppStore|iPhone
		{A9EE2F6E-4369-4F13-988B-F0960FB7BA70}.AppStore|iPhoneSimulator.ActiveCfg = AppStore|iPhoneSimulator
		{A9EE2F6E-4369-4F13-988B-F0960FB7BA70}.AppStore|iPhoneSimulator.Build.0 = AppStore|iPhoneSimulator
		{A9EE2F6E-4369-4F13-988B-F0960FB7BA70}.AppStore|x64.ActiveCfg = AppStore|iPhone
		{A9EE2F6E-4369-4F13-988B-F0960FB7BA70}.AppStore|x86.ActiveCfg = AppStore|iPhone
		{A9EE2F6E-4369-4F13-988B-F0960FB7BA70}.Debug|Any CPU.ActiveCfg = Debug|iPhone
		{A9EE2F6E-4369-4F13-988B-F0960FB7BA70}.Debug|ARM.ActiveCfg = Debug|iPhone
		{A9EE2F6E-4369-4F13-988B-F0960FB7BA70}.Debug|iPhone.ActiveCfg = Debug|iPhone
		{A9EE2F6E-4369-4F13-988B-F0960FB7BA70}.Debug|iPhone.Build.0 = Debug|iPhone
		{A9EE2F6E-4369-4F13-988B-F0960FB7BA70}.Debug|iPhoneSimulator.ActiveCfg = Debug|iPhoneSimulator
		{A9EE2F6E-4369-4F13-988B-F0960FB7BA70}.Debug|iPhoneSimulator.Build.0 = Debug|iPhoneSimulator
		{A9EE2F6E-4369-4F13-988B-F0960FB7BA70}.Debug|x64.ActiveCfg = Debug|iPhone
		{A9EE2F6E-4369-4F13-988B-F0960FB7BA70}.Debug|x86.ActiveCfg = Debug|iPhone
		{A9EE2F6E-4369-4F13-988B-F0960FB7BA70}.Release|Any CPU.ActiveCfg = Release|iPhone
		{A9EE2F6E-4369-4F13-988B-F0960FB7BA70}.Release|ARM.ActiveCfg = Release|iPhone
		{A9EE2F6E-4369-4F13-988B-F0960FB7BA70}.Release|iPhone.ActiveCfg = Release|iPhone
		{A9EE2F6E-4369-4F13-988B-F0960FB7BA70}.Release|iPhone.Build.0 = Release|iPhone
		{A9EE2F6E-4369-4F13-988B-F0960FB7BA70}.Release|iPhoneSimulator.ActiveCfg = Release|iPhoneSimulator
		{A9EE2F6E-4369-4F13-988B-F0960FB7BA70}.Release|iPhoneSimulator.Build.0 = Release|iPhoneSimulator
		{A9EE2F6E-4369-4F13-988B-F0960FB7BA70}.Release|x64.ActiveCfg = Release|iPhone
		{A9EE2F6E-4369-4F13-988B-F0960FB7BA70}.Release|x86.ActiveCfg = Release|iPhone
		{945F0815-A8D2-475C-B026-53E2DB2594FE}.Ad-Hoc|Any CPU.ActiveCfg = Release|x86
		{945F0815-A8D2-475C-B026-53E2DB2594FE}.Ad-Hoc|Any CPU.Build.0 = Release|x86
		{945F0815-A8D2-475C-B026-53E2DB2594FE}.Ad-Hoc|Any CPU.Deploy.0 = Release|x86
		{945F0815-A8D2-475C-B026-53E2DB2594FE}.Ad-Hoc|ARM.ActiveCfg = Release|ARM
		{945F0815-A8D2-475C-B026-53E2DB2594FE}.Ad-Hoc|ARM.Build.0 = Release|ARM
		{945F0815-A8D2-475C-B026-53E2DB2594FE}.Ad-Hoc|ARM.Deploy.0 = Release|ARM
		{945F0815-A8D2-475C-B026-53E2DB2594FE}.Ad-Hoc|iPhone.ActiveCfg = Release|x86
		{945F0815-A8D2-475C-B026-53E2DB2594FE}.Ad-Hoc|iPhone.Build.0 = Release|x86
		{945F0815-A8D2-475C-B026-53E2DB2594FE}.Ad-Hoc|iPhone.Deploy.0 = Release|x86
		{945F0815-A8D2-475C-B026-53E2DB2594FE}.Ad-Hoc|iPhoneSimulator.ActiveCfg = Release|x86
		{945F0815-A8D2-475C-B026-53E2DB2594FE}.Ad-Hoc|iPhoneSimulator.Build.0 = Release|x86
		{945F0815-A8D2-475C-B026-53E2DB2594FE}.Ad-Hoc|iPhoneSimulator.Deploy.0 = Release|x86
		{945F0815-A8D2-475C-B026-53E2DB2594FE}.Ad-Hoc|x64.ActiveCfg = Release|x64
		{945F0815-A8D2-475C-B026-53E2DB2594FE}.Ad-Hoc|x64.Build.0 = Release|x64
		{945F0815-A8D2-475C-B026-53E2DB2594FE}.Ad-Hoc|x64.Deploy.0 = Release|x64
		{945F0815-A8D2-475C-B026-53E2DB2594FE}.Ad-Hoc|x86.ActiveCfg = Release|x86
		{945F0815-A8D2-475C-B026-53E2DB2594FE}.Ad-Hoc|x86.Build.0 = Release|x86
		{945F0815-A8D2-475C-B026-53E2DB2594FE}.Ad-Hoc|x86.Deploy.0 = Release|x86
		{945F0815-A8D2-475C-B026-53E2DB2594FE}.AppStore|Any CPU.ActiveCfg = Release|x86
		{945F0815-A8D2-475C-B026-53E2DB2594FE}.AppStore|Any CPU.Build.0 = Release|x86
		{945F0815-A8D2-475C-B026-53E2DB2594FE}.AppStore|Any CPU.Deploy.0 = Release|x86
		{945F0815-A8D2-475C-B026-53E2DB2594FE}.AppStore|ARM.ActiveCfg = Release|ARM
		{945F0815-A8D2-475C-B026-53E2DB2594FE}.AppStore|ARM.Build.0 = Release|ARM
		{945F0815-A8D2-475C-B026-53E2DB2594FE}.AppStore|ARM.Deploy.0 = Release|ARM
		{945F0815-A8D2-475C-B026-53E2DB2594FE}.AppStore|iPhone.ActiveCfg = Release|x86
		{945F0815-A8D2-475C-B026-53E2DB2594FE}.AppStore|iPhone.Build.0 = Release|x86
		{945F0815-A8D2-475C-B026-53E2DB2594FE}.AppStore|iPhone.Deploy.0 = Release|x86
		{945F0815-A8D2-475C-B026-53E2DB2594FE}.AppStore|iPhoneSimulator.ActiveCfg = Release|x86
		{945F0815-A8D2-475C-B026-53E2DB2594FE}.AppStore|iPhoneSimulator.Build.0 = Release|x86
		{945F0815-A8D2-475C-B026-53E2DB2594FE}.AppStore|iPhoneSimulator.Deploy.0 = Release|x86
		{945F0815-A8D2-475C-B026-53E2DB2594FE}.AppStore|x64.ActiveCfg = Release|x64
		{945F0815-A8D2-475C-B026-53E2DB2594FE}.AppStore|x64.Build.0 = Release|x64
		{945F0815-A8D2-475C-B026-53E2DB2594FE}.AppStore|x64.Deploy.0 = Release|x64
		{945F0815-A8D2-475C-B026-53E2DB2594FE}.AppStore|x86.ActiveCfg = Release|x86
		{945F0815-A8D2-475C-B026-53E2DB2594FE}.AppStore|x86.Build.0 = Release|x86
		{945F0815-A8D2-475C-B026-53E2DB2594FE}.AppStore|x86.Deploy.0 = Release|x86
		{945F0815-A8D2-475C-B026-53E2DB2594FE}.Debug|Any CPU.ActiveCfg = Debug|x86
		{945F0815-A8D2-475C-B026-53E2DB2594FE}.Debug|ARM.ActiveCfg = Debug|ARM
		{945F0815-A8D2-475C-B026-53E2DB2594FE}.Debug|ARM.Build.0 = Debug|ARM
		{945F0815-A8D2-475C-B026-53E2DB2594FE}.Debug|ARM.Deploy.0 = Debug|ARM
		{945F0815-A8D2-475C-B026-53E2DB2594FE}.Debug|iPhone.ActiveCfg = Debug|x86
		{945F0815-A8D2-475C-B026-53E2DB2594FE}.Debug|iPhoneSimulator.ActiveCfg = Debug|x86
		{945F0815-A8D2-475C-B026-53E2DB2594FE}.Debug|x64.ActiveCfg = Debug|x64
		{945F0815-A8D2-475C-B026-53E2DB2594FE}.Debug|x64.Build.0 = Debug|x64
		{945F0815-A8D2-475C-B026-53E2DB2594FE}.Debug|x64.Deploy.0 = Debug|x64
		{945F0815-A8D2-475C-B026-53E2DB2594FE}.Debug|x86.ActiveCfg = Debug|x86
		{945F0815-A8D2-475C-B026-53E2DB2594FE}.Debug|x86.Build.0 = Debug|x86
		{945F0815-A8D2-475C-B026-53E2DB2594FE}.Debug|x86.Deploy.0 = Debug|x86
		{945F0815-A8D2-475C-B026-53E2DB2594FE}.Release|Any CPU.ActiveCfg = Release|x86
		{945F0815-A8D2-475C-B026-53E2DB2594FE}.Release|ARM.ActiveCfg = Release|ARM
		{945F0815-A8D2-475C-B026-53E2DB2594FE}.Release|ARM.Build.0 = Release|ARM
		{945F0815-A8D2-475C-B026-53E2DB2594FE}.Release|ARM.Deploy.0 = Release|ARM
		{945F0815-A8D2-475C-B026-53E2DB2594FE}.Release|iPhone.ActiveCfg = Release|x86
		{945F0815-A8D2-475C-B026-53E2DB2594FE}.Release|iPhoneSimulator.ActiveCfg = Release|x86
		{945F0815-A8D2-475C-B026-53E2DB2594FE}.Release|x64.ActiveCfg = Release|x64
		{945F0815-A8D2-475C-B026-53E2DB2594FE}.Release|x64.Build.0 = Release|x64
		{945F0815-A8D2-475C-B026-53E2DB2594FE}.Release|x64.Deploy.0 = Release|x64
		{945F0815-A8D2-475C-B026-53E2DB2594FE}.Release|x86.ActiveCfg = Release|x86
		{945F0815-A8D2-475C-B026-53E2DB2594FE}.Release|x86.Build.0 = Release|x86
		{945F0815-A8D2-475C-B026-53E2DB2594FE}.Release|x86.Deploy.0 = Release|x86
	EndGlobalSection
	GlobalSection(SolutionProperties) = preSolution
		HideSolutionNode = FALSE
	EndGlobalSection
EndGlobal
